
Microsoft Visual Studio Solution File, Format Version 12.00
# Visual Studio Version 17
VisualStudioVersion = 17.8.34511.84
MinimumVisualStudioVersion = 10.0.40219.1
Project("{FAE04EC0-301F-11D3-BF4B-00C04F79EFBC}") = "HoangVu_5292", "HoangVu_5292.csproj", "{6838B602-43B3-4235-968F-659520ABA1FD}"
EndProject
Global
	GlobalSection(SolutionConfigurationPlatforms) = preSolution
		Debug|Any CPU = Debug|Any CPU
		Release|Any CPU = Release|Any CPU
	EndGlobalSection
	GlobalSection(ProjectConfigurationPlatforms) = postSolution
		{6838B602-43B3-4235-968F-659520ABA1FD}.Debug|Any CPU.ActiveCfg = Debug|Any CPU
		{6838B602-43B3-4235-968F-659520ABA1FD}.Debug|Any CPU.Build.0 = Debug|Any CPU
		{6838B602-43B3-4235-968F-659520ABA1FD}.Release|Any CPU.ActiveCfg = Release|Any CPU
		{6838B602-43B3-4235-968F-659520ABA1FD}.Release|Any CPU.Build.0 = Release|Any CPU
	EndGlobalSection
	GlobalSection(SolutionProperties) = preSolution
		HideSolutionNode = FALSE
	EndGlobalSection
	GlobalSection(ExtensibilityGlobals) = postSolution
		SolutionGuid = {E1593D38-0DF3-437C-AC84-58BC7974BE6D}
	EndGlobalSection
EndGlobal
